{
  "name": "themoviedatabase",
  "version": "1.0.1",
  "lockfileVersion": 1,
  "dependencies": {
    "easy-api-wrapper": {
      "version": "1.0.0",
      "resolved": "https://registry.npmjs.org/easy-api-wrapper/-/easy-api-wrapper-1.0.0.tgz",
      "integrity": "sha512-ULJJQsKrd+btuGRdBfW+g0cbA2wjg44A9AfLPhVKQ5oqmjJPHjJiTmjjsAOg6salOLLu/1fZARqme+1MeCvWCw=="
    }
  }
}
